
Microsoft Visual Studio Solution File, Format Version 12.00
# Visual Studio Version 16
VisualStudioVersion = 16.0.29001.49
MinimumVisualStudioVersion = 10.0.40219.1
Project("{FAE04EC0-301F-11D3-BF4B-00C04F79EFBC}") = "GarboSellsUserDataService", "GarboSellsUserDataService\GarboSellsUserDataService.csproj", "{2A0E3923-1B57-4655-84E4-8B8E4B1D075F}"
EndProject
Global
	GlobalSection(SolutionConfigurationPlatforms) = preSolution
		Debug|Any CPU = Debug|Any CPU
		Release|Any CPU = Release|Any CPU
	EndGlobalSection
	GlobalSection(ProjectConfigurationPlatforms) = postSolution
		{2A0E3923-1B57-4655-84E4-8B8E4B1D075F}.Debug|Any CPU.ActiveCfg = Debug|Any CPU
		{2A0E3923-1B57-4655-84E4-8B8E4B1D075F}.Debug|Any CPU.Build.0 = Debug|Any CPU
		{2A0E3923-1B57-4655-84E4-8B8E4B1D075F}.Release|Any CPU.ActiveCfg = Release|Any CPU
		{2A0E3923-1B57-4655-84E4-8B8E4B1D075F}.Release|Any CPU.Build.0 = Release|Any CPU
	EndGlobalSection
	GlobalSection(SolutionProperties) = preSolution
		HideSolutionNode = FALSE
	EndGlobalSection
	GlobalSection(ExtensibilityGlobals) = postSolution
		SolutionGuid = {24FB44D1-3AB2-4E20-ADCA-47DB75210A59}
	EndGlobalSection
EndGlobal
